
Microsoft Visual Studio Solution File, Format Version 12.00
# Visual Studio Version 16
VisualStudioVersion = 16.0.30523.141
MinimumVisualStudioVersion = 10.0.40219.1
Project("{FAE04EC0-301F-11D3-BF4B-00C04F79EFBC}") = "Ejercicio1", "Ejercicio1\Ejercicio1.csproj", "{F845DB74-6116-45DC-B327-DCDFE7EA98B4}"
EndProject
Global
	GlobalSection(SolutionConfigurationPlatforms) = preSolution
		Debug|Any CPU = Debug|Any CPU
		Release|Any CPU = Release|Any CPU
	EndGlobalSection
	GlobalSection(ProjectConfigurationPlatforms) = postSolution
		{F845DB74-6116-45DC-B327-DCDFE7EA98B4}.Debug|Any CPU.ActiveCfg = Debug|Any CPU
		{F845DB74-6116-45DC-B327-DCDFE7EA98B4}.Debug|Any CPU.Build.0 = Debug|Any CPU
		{F845DB74-6116-45DC-B327-DCDFE7EA98B4}.Release|Any CPU.ActiveCfg = Release|Any CPU
		{F845DB74-6116-45DC-B327-DCDFE7EA98B4}.Release|Any CPU.Build.0 = Release|Any CPU
	EndGlobalSection
	GlobalSection(SolutionProperties) = preSolution
		HideSolutionNode = FALSE
	EndGlobalSection
	GlobalSection(ExtensibilityGlobals) = postSolution
		SolutionGuid = {150136F6-C6A0-4972-9F31-494176F5F2B9}
	EndGlobalSection
EndGlobal
